{
  "name": "devorbit",
  "version": "0.1.0",
  "lockfileVersion": 3,
  "requires": true,
  "packages": {
    "": {
      "name": "devorbit",
      "version": "0.1.0",
      "license": "MIT",
      "bin": {
        "devorbit": "bin/devorbit.js"
      },
      "engines": {
        "node": ">=22"
      }
    }
  }
}
